
Microsoft Visual Studio Solution File, Format Version 12.00
# Visual Studio Version 17
VisualStudioVersion = 17.14.37012.4
MinimumVisualStudioVersion = 10.0.40219.1
Project("{FAE04EC0-301F-11D3-BF4B-00C04F79EFBC}") = "StudentTeamPlatform.Api", "StudentTeamPlatform.Api\StudentTeamPlatform.Api.csproj", "{F1C4B032-2658-44A6-A976-A71829450424}"
EndProject
Project("{FAE04EC0-301F-11D3-BF4B-00C04F79EFBC}") = "StudentTeamPlatform.Api.Tests", "StudentTeamPlatform.Api.Tests\StudentTeamPlatform.Api.Tests.csproj", "{E5B10A3D-CAD6-4599-AD2C-449F83612ED4}"
EndProject
Global
	GlobalSection(SolutionConfigurationPlatforms) = preSolution
		Debug|Any CPU = Debug|Any CPU
		Debug|x64 = Debug|x64
		Debug|x86 = Debug|x86
		Release|Any CPU = Release|Any CPU
		Release|x64 = Release|x64
		Release|x86 = Release|x86
	EndGlobalSection
	GlobalSection(ProjectConfigurationPlatforms) = postSolution
		{F1C4B032-2658-44A6-A976-A71829450424}.Debug|Any CPU.ActiveCfg = Debug|Any CPU
		{F1C4B032-2658-44A6-A976-A71829450424}.Debug|Any CPU.Build.0 = Debug|Any CPU
		{F1C4B032-2658-44A6-A976-A71829450424}.Debug|x64.ActiveCfg = Debug|Any CPU
		{F1C4B032-2658-44A6-A976-A71829450424}.Debug|x64.Build.0 = Debug|Any CPU
		{F1C4B032-2658-44A6-A976-A71829450424}.Debug|x86.ActiveCfg = Debug|Any CPU
		{F1C4B032-2658-44A6-A976-A71829450424}.Debug|x86.Build.0 = Debug|Any CPU
		{F1C4B032-2658-44A6-A976-A71829450424}.Release|Any CPU.ActiveCfg = Release|Any CPU
		{F1C4B032-2658-44A6-A976-A71829450424}.Release|Any CPU.Build.0 = Release|Any CPU
		{F1C4B032-2658-44A6-A976-A71829450424}.Release|x64.ActiveCfg = Release|Any CPU
		{F1C4B032-2658-44A6-A976-A71829450424}.Release|x64.Build.0 = Release|Any CPU
		{F1C4B032-2658-44A6-A976-A71829450424}.Release|x86.ActiveCfg = Release|Any CPU
		{F1C4B032-2658-44A6-A976-A71829450424}.Release|x86.Build.0 = Release|Any CPU
		{E5B10A3D-CAD6-4599-AD2C-449F83612ED4}.Debug|Any CPU.ActiveCfg = Debug|Any CPU
		{E5B10A3D-CAD6-4599-AD2C-449F83612ED4}.Debug|Any CPU.Build.0 = Debug|Any CPU
		{E5B10A3D-CAD6-4599-AD2C-449F83612ED4}.Debug|x64.ActiveCfg = Debug|Any CPU
		{E5B10A3D-CAD6-4599-AD2C-449F83612ED4}.Debug|x64.Build.0 = Debug|Any CPU
		{E5B10A3D-CAD6-4599-AD2C-449F83612ED4}.Debug|x86.ActiveCfg = Debug|Any CPU
		{E5B10A3D-CAD6-4599-AD2C-449F83612ED4}.Debug|x86.Build.0 = Debug|Any CPU
		{E5B10A3D-CAD6-4599-AD2C-449F83612ED4}.Release|Any CPU.ActiveCfg = Release|Any CPU
		{E5B10A3D-CAD6-4599-AD2C-449F83612ED4}.Release|Any CPU.Build.0 = Release|Any CPU
		{E5B10A3D-CAD6-4599-AD2C-449F83612ED4}.Release|x64.ActiveCfg = Release|Any CPU
		{E5B10A3D-CAD6-4599-AD2C-449F83612ED4}.Release|x64.Build.0 = Release|Any CPU
		{E5B10A3D-CAD6-4599-AD2C-449F83612ED4}.Release|x86.ActiveCfg = Release|Any CPU
		{E5B10A3D-CAD6-4599-AD2C-449F83612ED4}.Release|x86.Build.0 = Release|Any CPU
	EndGlobalSection
	GlobalSection(SolutionProperties) = preSolution
		HideSolutionNode = FALSE
	EndGlobalSection
	GlobalSection(ExtensibilityGlobals) = postSolution
		SolutionGuid = {FB381306-93C9-4109-B4F2-8D7296809C42}
	EndGlobalSection
EndGlobal
